
Microsoft Visual Studio Solution File, Format Version 12.00
# Visual Studio Version 16
VisualStudioVersion = 16.0.31424.327
MinimumVisualStudioVersion = 10.0.40219.1
Project("{FAE04EC0-301F-11D3-BF4B-00C04F79EFBC}") = "WpfApp1", "WpfApp1\WpfApp1.csproj", "{CC29B530-8533-4284-8A5B-684FA1D5731D}"
EndProject
Global
	GlobalSection(SolutionConfigurationPlatforms) = preSolution
		Debug|Any CPU = Debug|Any CPU
		Release|Any CPU = Release|Any CPU
	EndGlobalSection
	GlobalSection(ProjectConfigurationPlatforms) = postSolution
		{CC29B530-8533-4284-8A5B-684FA1D5731D}.Debug|Any CPU.ActiveCfg = Debug|Any CPU
		{CC29B530-8533-4284-8A5B-684FA1D5731D}.Debug|Any CPU.Build.0 = Debug|Any CPU
		{CC29B530-8533-4284-8A5B-684FA1D5731D}.Release|Any CPU.ActiveCfg = Release|Any CPU
		{CC29B530-8533-4284-8A5B-684FA1D5731D}.Release|Any CPU.Build.0 = Release|Any CPU
	EndGlobalSection
	GlobalSection(SolutionProperties) = preSolution
		HideSolutionNode = FALSE
	EndGlobalSection
	GlobalSection(ExtensibilityGlobals) = postSolution
		SolutionGuid = {B8A83BCB-A3FE-40ED-812E-688EE3E00126}
	EndGlobalSection
EndGlobal
